
Microsoft Visual Studio Solution File, Format Version 12.00
# Visual Studio Version 17
VisualStudioVersion = 17.5.33627.172
MinimumVisualStudioVersion = 10.0.40219.1
Project("{FAE04EC0-301F-11D3-BF4B-00C04F79EFBC}") = "apiDeneme", "apiDeneme\apiDeneme.csproj", "{340DC2BE-4814-4DAE-B43A-88A62FEB8662}"
EndProject
Global
	GlobalSection(SolutionConfigurationPlatforms) = preSolution
		Debug|Any CPU = Debug|Any CPU
		Release|Any CPU = Release|Any CPU
	EndGlobalSection
	GlobalSection(ProjectConfigurationPlatforms) = postSolution
		{340DC2BE-4814-4DAE-B43A-88A62FEB8662}.Debug|Any CPU.ActiveCfg = Debug|Any CPU
		{340DC2BE-4814-4DAE-B43A-88A62FEB8662}.Debug|Any CPU.Build.0 = Debug|Any CPU
		{340DC2BE-4814-4DAE-B43A-88A62FEB8662}.Release|Any CPU.ActiveCfg = Release|Any CPU
		{340DC2BE-4814-4DAE-B43A-88A62FEB8662}.Release|Any CPU.Build.0 = Release|Any CPU
	EndGlobalSection
	GlobalSection(SolutionProperties) = preSolution
		HideSolutionNode = FALSE
	EndGlobalSection
	GlobalSection(ExtensibilityGlobals) = postSolution
		SolutionGuid = {5433BCDE-A7C7-41CC-864A-BA3529948A9C}
	EndGlobalSection
EndGlobal
